
Microsoft Visual Studio Solution File, Format Version 12.00
# Visual Studio Version 17
VisualStudioVersion = 17.5.33530.505
MinimumVisualStudioVersion = 10.0.40219.1
Project("{FAE04EC0-301F-11D3-BF4B-00C04F79EFBC}") = "GeoTectAI", "GeoTectAI.csproj", "{7F0CA530-D1B1-4EF0-866C-D9D42EB98D66}"
EndProject
Global
	GlobalSection(SolutionConfigurationPlatforms) = preSolution
		Debug|Any CPU = Debug|Any CPU
		Release|Any CPU = Release|Any CPU
	EndGlobalSection
	GlobalSection(ProjectConfigurationPlatforms) = postSolution
		{7F0CA530-D1B1-4EF0-866C-D9D42EB98D66}.Debug|Any CPU.ActiveCfg = Debug|Any CPU
		{7F0CA530-D1B1-4EF0-866C-D9D42EB98D66}.Debug|Any CPU.Build.0 = Debug|Any CPU
		{7F0CA530-D1B1-4EF0-866C-D9D42EB98D66}.Release|Any CPU.ActiveCfg = Release|Any CPU
		{7F0CA530-D1B1-4EF0-866C-D9D42EB98D66}.Release|Any CPU.Build.0 = Release|Any CPU
	EndGlobalSection
	GlobalSection(SolutionProperties) = preSolution
		HideSolutionNode = FALSE
	EndGlobalSection
	GlobalSection(ExtensibilityGlobals) = postSolution
		SolutionGuid = {2147EB2E-878D-46E9-AE12-952DFA16BD10}
	EndGlobalSection
EndGlobal
